# This file is automatically @generated by Cargo.
# It is not intended for manual editing.
[[package]]
name = "cstr_core"
version = "0.1.2"
source = "git+https://github.com/richardanaya/cstr_core.git#06eb546f5c938d9ede078b4f50d0f017a43c017f"
dependencies = [
 "cty 0.1.5 (registry+https://github.com/rust-lang/crates.io-index)",
 "memchr 2.2.1 (registry+https://github.com/rust-lang/crates.io-index)",
]

[[package]]
name = "cstring"
version = "0.0.3"
dependencies = [
 "cstr_core 0.1.2 (git+https://github.com/richardanaya/cstr_core.git)",
]

[[package]]
name = "cty"
version = "0.1.5"
source = "registry+https://github.com/rust-lang/crates.io-index"

[[package]]
name = "memchr"
version = "2.2.1"
source = "registry+https://github.com/rust-lang/crates.io-index"

[metadata]
"checksum cstr_core 0.1.2 (git+https://github.com/richardanaya/cstr_core.git)" = "<none>"
"checksum cty 0.1.5 (registry+https://github.com/rust-lang/crates.io-index)" = "c4e1d41c471573612df00397113557693b5bf5909666a8acb253930612b93312"
"checksum memchr 2.2.1 (registry+https://github.com/rust-lang/crates.io-index)" = "88579771288728879b57485cc7d6b07d648c9f0141eb955f8ab7f9d45394468e"
