# This file is automatically @generated by Cargo.
# It is not intended for manual editing.
[[package]]
name = "cstring"
version = "0.0.3"
dependencies = [
 "cty 0.2.0 (registry+https://github.com/rust-lang/crates.io-index)",
 "memchr 2.2.1 (registry+https://github.com/rust-lang/crates.io-index)",
]

[[package]]
name = "cty"
version = "0.2.0"
source = "registry+https://github.com/rust-lang/crates.io-index"

[[package]]
name = "memchr"
version = "2.2.1"
source = "registry+https://github.com/rust-lang/crates.io-index"

[metadata]
"checksum cty 0.2.0 (registry+https://github.com/rust-lang/crates.io-index)" = "151a4ee37fd024fa6a134a4b506977504fa5dd378f6b7c797818ee41c7b2c23e"
"checksum memchr 2.2.1 (registry+https://github.com/rust-lang/crates.io-index)" = "88579771288728879b57485cc7d6b07d648c9f0141eb955f8ab7f9d45394468e"
